{
  "name": "@absulit/points",
  "version": "0.1.0",
  "lockfileVersion": 3,
  "requires": true,
  "packages": {
    "": {
      "name": "@absulit/points",
      "version": "0.1.0",
      "license": "MIT",
      "devDependencies": {
        "@webgpu/types": "^0.1.64"
      }
    },
    "node_modules/@webgpu/types": {
      "version": "0.1.64",
      "resolved": "https://registry.npmjs.org/@webgpu/types/-/types-0.1.64.tgz",
      "integrity": "sha512-84kRIAGV46LJTlJZWxShiOrNL30A+9KokD7RB3dRCIqODFjodS5tCD5yyiZ8kIReGVZSDfA3XkkwyyOIF6K62A==",
      "dev": true
    }
  }
}
